// !$*UTF8*$!
{
	archiveVersion = 1;
	classes = {
	};
	objectVersion = 56;
	objects = {

/* Begin PBXBuildFile section */
		D40FDFDA2B2C9FA400702FA1 /* MapView.swift in Sources */ = {isa = PBXBuildFile; fileRef = D40FDFD92B2C9FA400702FA1 /* MapView.swift */; };
		D40FDFDC2B2C9FA500702FA1 /* Assets.xcassets in Resources */ = {isa = PBXBuildFile; fileRef = D40FDFDB2B2C9FA500702FA1 /* Assets.xcassets */; };
		D40FDFE72B2CA58500702FA1 /* locations.json in Resources */ = {isa = PBXBuildFile; fileRef = D40FDFE62B2CA58500702FA1 /* locations.json */; };
		D40FDFE92B2CA5A600702FA1 /* Location.swift in Sources */ = {isa = PBXBuildFile; fileRef = D40FDFE82B2CA5A600702FA1 /* Location.swift */; };
		D40FDFED2B2CA67D00702FA1 /* FileService.swift in Sources */ = {isa = PBXBuildFile; fileRef = D40FDFEC2B2CA67D00702FA1 /* FileService.swift */; };
		D40FDFF02B2D77F100702FA1 /* AppDelegate.swift in Sources */ = {isa = PBXBuildFile; fileRef = D40FDFEF2B2D77F100702FA1 /* AppDelegate.swift */; };
		D40FDFF22B2D788C00702FA1 /* AppSceneDelegate.swift in Sources */ = {isa = PBXBuildFile; fileRef = D40FDFF12B2D788C00702FA1 /* AppSceneDelegate.swift */; };
		D40FDFF52B2DA1A300702FA1 /* ParserService.swift in Sources */ = {isa = PBXBuildFile; fileRef = D40FDFF42B2DA1A300702FA1 /* ParserService.swift */; };
		D40FDFF72B2DA62A00702FA1 /* Locations.swift in Sources */ = {isa = PBXBuildFile; fileRef = D40FDFF62B2DA62A00702FA1 /* Locations.swift */; };
		D40FDFF92B2DA74800702FA1 /* MapViewModel.swift in Sources */ = {isa = PBXBuildFile; fileRef = D40FDFF82B2DA74800702FA1 /* MapViewModel.swift */; };
		D40FDFFB2B2DA83400702FA1 /* MapViewAssembly.swift in Sources */ = {isa = PBXBuildFile; fileRef = D40FDFFA2B2DA83400702FA1 /* MapViewAssembly.swift */; };
		D40FDFFD2B2DAE0F00702FA1 /* MapPlace.swift in Sources */ = {isa = PBXBuildFile; fileRef = D40FDFFC2B2DAE0F00702FA1 /* MapPlace.swift */; };
		D40FDFFF2B2DAE9200702FA1 /* MapItemsFactory.swift in Sources */ = {isa = PBXBuildFile; fileRef = D40FDFFE2B2DAE9200702FA1 /* MapItemsFactory.swift */; };
		D40FE0052B2DCC9600702FA1 /* LocationsView.swift in Sources */ = {isa = PBXBuildFile; fileRef = D40FE0042B2DCC9600702FA1 /* LocationsView.swift */; };
		D40FE0072B2DCCC900702FA1 /* LocationsViewModel.swift in Sources */ = {isa = PBXBuildFile; fileRef = D40FE0062B2DCCC900702FA1 /* LocationsViewModel.swift */; };
		D40FE0092B2DCD1A00702FA1 /* LocationsViewAssembly.swift in Sources */ = {isa = PBXBuildFile; fileRef = D40FE0082B2DCD1A00702FA1 /* LocationsViewAssembly.swift */; };
		D40FE00B2B2E002B00702FA1 /* LocationItem.swift in Sources */ = {isa = PBXBuildFile; fileRef = D40FE00A2B2E002B00702FA1 /* LocationItem.swift */; };
		D40FE00E2B2E02D000702FA1 /* ViewGeneratable.swift in Sources */ = {isa = PBXBuildFile; fileRef = D40FE00D2B2E02D000702FA1 /* ViewGeneratable.swift */; };
		D40FE0102B2E038000702FA1 /* LocationView.swift in Sources */ = {isa = PBXBuildFile; fileRef = D40FE00F2B2E038000702FA1 /* LocationView.swift */; };
		D40FE0122B2E03C500702FA1 /* View+Extensions.swift in Sources */ = {isa = PBXBuildFile; fileRef = D40FE0112B2E03C500702FA1 /* View+Extensions.swift */; };
		D40FE0152B2E043100702FA1 /* LocationsItemsFactory.swift in Sources */ = {isa = PBXBuildFile; fileRef = D40FE0142B2E043100702FA1 /* LocationsItemsFactory.swift */; };
		D40FE0182B2E1D9700702FA1 /* SelectLocationView.swift in Sources */ = {isa = PBXBuildFile; fileRef = D40FE0172B2E1D9700702FA1 /* SelectLocationView.swift */; };
		D40FE01A2B2E1DF200702FA1 /* SelectLocationViewModel.swift in Sources */ = {isa = PBXBuildFile; fileRef = D40FE0192B2E1DF200702FA1 /* SelectLocationViewModel.swift */; };
		D40FE01C2B2E1E3700702FA1 /* SelectLocationViewAssembly.swift in Sources */ = {isa = PBXBuildFile; fileRef = D40FE01B2B2E1E3700702FA1 /* SelectLocationViewAssembly.swift */; };
		D40FE01E2B2E27CA00702FA1 /* MKCoordinateRegion+Extensions.swift in Sources */ = {isa = PBXBuildFile; fileRef = D40FE01D2B2E27CA00702FA1 /* MKCoordinateRegion+Extensions.swift */; };
		D40FE0212B2ED68A00702FA1 /* Coordinatable.swift in Sources */ = {isa = PBXBuildFile; fileRef = D40FE0202B2ED68A00702FA1 /* Coordinatable.swift */; };
		D40FE0242B2ED7DB00702FA1 /* AppCoordinator.swift in Sources */ = {isa = PBXBuildFile; fileRef = D40FE0232B2ED7DB00702FA1 /* AppCoordinator.swift */; };
		D40FE0262B2EF54C00702FA1 /* AppCoordinatorAssembly.swift in Sources */ = {isa = PBXBuildFile; fileRef = D40FE0252B2EF54C00702FA1 /* AppCoordinatorAssembly.swift */; };
		D40FE0282B2EF6A400702FA1 /* AppRouter.swift in Sources */ = {isa = PBXBuildFile; fileRef = D40FE0272B2EF6A400702FA1 /* AppRouter.swift */; };
		D40FE02B2B2EF7A900702FA1 /* MapCoordinator.swift in Sources */ = {isa = PBXBuildFile; fileRef = D40FE02A2B2EF7A900702FA1 /* MapCoordinator.swift */; };
		D40FE02D2B2EF81100702FA1 /* MapCoordinatorAssembly.swift in Sources */ = {isa = PBXBuildFile; fileRef = D40FE02C2B2EF81100702FA1 /* MapCoordinatorAssembly.swift */; };
		D40FE02F2B2EF98100702FA1 /* CoordinatorsFactory.swift in Sources */ = {isa = PBXBuildFile; fileRef = D40FE02E2B2EF98100702FA1 /* CoordinatorsFactory.swift */; };
		D40FE0312B2EFA5F00702FA1 /* MapRouter.swift in Sources */ = {isa = PBXBuildFile; fileRef = D40FE0302B2EFA5F00702FA1 /* MapRouter.swift */; };
		D40FE0342B2EFAEC00702FA1 /* ViewsBaseFactory.swift in Sources */ = {isa = PBXBuildFile; fileRef = D40FE0332B2EFAEC00702FA1 /* ViewsBaseFactory.swift */; };
		D40FE0362B2EFB0800702FA1 /* BaseContentLink.swift in Sources */ = {isa = PBXBuildFile; fileRef = D40FE0352B2EFB0800702FA1 /* BaseContentLink.swift */; };
		D40FE0382B2EFB4300702FA1 /* BaseSheetLink.swift in Sources */ = {isa = PBXBuildFile; fileRef = D40FE0372B2EFB4300702FA1 /* BaseSheetLink.swift */; };
		D40FE03A2B2EFB6C00702FA1 /* BaseFullCoverLink.swift in Sources */ = {isa = PBXBuildFile; fileRef = D40FE0392B2EFB6C00702FA1 /* BaseFullCoverLink.swift */; };
		D40FE03D2B2EFBDB00702FA1 /* MapRouterState.swift in Sources */ = {isa = PBXBuildFile; fileRef = D40FE03C2B2EFBDB00702FA1 /* MapRouterState.swift */; };
		D40FE03F2B2EFC5E00702FA1 /* ViewsBaseFactory+Content.swift in Sources */ = {isa = PBXBuildFile; fileRef = D40FE03E2B2EFC5E00702FA1 /* ViewsBaseFactory+Content.swift */; };
		D40FE0412B2EFCB900702FA1 /* ViewsBaseFactory+Sheet.swift in Sources */ = {isa = PBXBuildFile; fileRef = D40FE0402B2EFCB900702FA1 /* ViewsBaseFactory+Sheet.swift */; };
		D40FE0432B2EFCFF00702FA1 /* ViewsBaseFactory+FullCover.swift in Sources */ = {isa = PBXBuildFile; fileRef = D40FE0422B2EFCFF00702FA1 /* ViewsBaseFactory+FullCover.swift */; };
		D40FE0462B2F044700702FA1 /* MapViewModelProtocol.swift in Sources */ = {isa = PBXBuildFile; fileRef = D40FE0452B2F044700702FA1 /* MapViewModelProtocol.swift */; };
		D40FE0482B2F052D00702FA1 /* MapViewModelDelegate.swift in Sources */ = {isa = PBXBuildFile; fileRef = D40FE0472B2F052D00702FA1 /* MapViewModelDelegate.swift */; };
		D40FE04B2B2F0F2B00702FA1 /* LocationsViewModelProtocol.swift in Sources */ = {isa = PBXBuildFile; fileRef = D40FE04A2B2F0F2B00702FA1 /* LocationsViewModelProtocol.swift */; };
		D40FE04D2B2F0F4700702FA1 /* LocationsViewItemsDelegate.swift in Sources */ = {isa = PBXBuildFile; fileRef = D40FE04C2B2F0F4700702FA1 /* LocationsViewItemsDelegate.swift */; };
		D40FE0502B2F5FD100702FA1 /* LocationInfoView.swift in Sources */ = {isa = PBXBuildFile; fileRef = D40FE04F2B2F5FD100702FA1 /* LocationInfoView.swift */; };
		D40FE0522B2F601F00702FA1 /* LocationInfoViewModel.swift in Sources */ = {isa = PBXBuildFile; fileRef = D40FE0512B2F601F00702FA1 /* LocationInfoViewModel.swift */; };
		D40FE0542B2F606400702FA1 /* LocationInfoViewAssembly.swift in Sources */ = {isa = PBXBuildFile; fileRef = D40FE0532B2F606400702FA1 /* LocationInfoViewAssembly.swift */; };
		D40FE0562B2F617B00702FA1 /* LocationInfo.swift in Sources */ = {isa = PBXBuildFile; fileRef = D40FE0552B2F617B00702FA1 /* LocationInfo.swift */; };
		D40FE0582B2F61D700702FA1 /* LocationInfoItem.swift in Sources */ = {isa = PBXBuildFile; fileRef = D40FE0572B2F61D700702FA1 /* LocationInfoItem.swift */; };
		D40FE05B2B2F626C00702FA1 /* LocationInfoItemView.swift in Sources */ = {isa = PBXBuildFile; fileRef = D40FE05A2B2F626C00702FA1 /* LocationInfoItemView.swift */; };
		D40FE05D2B2F62E400702FA1 /* LocationInfoItemsFactory.swift in Sources */ = {isa = PBXBuildFile; fileRef = D40FE05C2B2F62E400702FA1 /* LocationInfoItemsFactory.swift */; };
		D40FE0602B2F87A600702FA1 /* AddLocationInfoView.swift in Sources */ = {isa = PBXBuildFile; fileRef = D40FE05F2B2F87A600702FA1 /* AddLocationInfoView.swift */; };
		D40FE0622B2F87D900702FA1 /* AddLocationInfoViewModel.swift in Sources */ = {isa = PBXBuildFile; fileRef = D40FE0612B2F87D900702FA1 /* AddLocationInfoViewModel.swift */; };
		D40FE0642B2F882A00702FA1 /* AddLocationInfoViewAssembly.swift in Sources */ = {isa = PBXBuildFile; fileRef = D40FE0632B2F882A00702FA1 /* AddLocationInfoViewAssembly.swift */; };
		D40FE0662B2F8D3E00702FA1 /* AddLocationInfoItem.swift in Sources */ = {isa = PBXBuildFile; fileRef = D40FE0652B2F8D3E00702FA1 /* AddLocationInfoItem.swift */; };
		D40FE0682B2F8D9800702FA1 /* AddLocationInfoItemView.swift in Sources */ = {isa = PBXBuildFile; fileRef = D40FE0672B2F8D9800702FA1 /* AddLocationInfoItemView.swift */; };
		D40FE06A2B2F908900702FA1 /* AddLocationInfoItemFactory.swift in Sources */ = {isa = PBXBuildFile; fileRef = D40FE0692B2F908900702FA1 /* AddLocationInfoItemFactory.swift */; };
		D40FE06E2B30051C00702FA1 /* AddLocationInfoViewModelProtocol.swift in Sources */ = {isa = PBXBuildFile; fileRef = D40FE06D2B30051C00702FA1 /* AddLocationInfoViewModelProtocol.swift */; };
		D40FE0702B30053400702FA1 /* AddLocationInfoItemDelegate.swift in Sources */ = {isa = PBXBuildFile; fileRef = D40FE06F2B30053400702FA1 /* AddLocationInfoItemDelegate.swift */; };
		D40FE0722B30063400702FA1 /* AddLocationInfoViewModelDelegate.swift in Sources */ = {isa = PBXBuildFile; fileRef = D40FE0712B30063400702FA1 /* AddLocationInfoViewModelDelegate.swift */; };
		D40FE0742B3007B100702FA1 /* SelectedLocation.swift in Sources */ = {isa = PBXBuildFile; fileRef = D40FE0732B3007B000702FA1 /* SelectedLocation.swift */; };
		D40FE0772B3008D100702FA1 /* CreateLocationCoordinator.swift in Sources */ = {isa = PBXBuildFile; fileRef = D40FE0762B3008D100702FA1 /* CreateLocationCoordinator.swift */; };
		D40FE0792B30093300702FA1 /* CreateLocationRouter.swift in Sources */ = {isa = PBXBuildFile; fileRef = D40FE0782B30093300702FA1 /* CreateLocationRouter.swift */; };
		D40FE07B2B30099600702FA1 /* CreateLocationRouterState.swift in Sources */ = {isa = PBXBuildFile; fileRef = D40FE07A2B30099600702FA1 /* CreateLocationRouterState.swift */; };
		D40FE07D2B3009D400702FA1 /* CreateLocationCoordinatorAssembly.swift in Sources */ = {isa = PBXBuildFile; fileRef = D40FE07C2B3009D400702FA1 /* CreateLocationCoordinatorAssembly.swift */; };
		D40FE07F2B300F4A00702FA1 /* RootRouterState.swift in Sources */ = {isa = PBXBuildFile; fileRef = D40FE07E2B300F4A00702FA1 /* RootRouterState.swift */; };
		D40FE0812B301B1B00702FA1 /* CreateLocationRootRouter.swift in Sources */ = {isa = PBXBuildFile; fileRef = D40FE0802B301B1B00702FA1 /* CreateLocationRootRouter.swift */; };
		D40FE0842B301C5C00702FA1 /* CreateLocationRootRouterState.swift in Sources */ = {isa = PBXBuildFile; fileRef = D40FE0832B301C5C00702FA1 /* CreateLocationRootRouterState.swift */; };
		D40FE0882B306D2900702FA1 /* CoreDataService.swift in Sources */ = {isa = PBXBuildFile; fileRef = D40FE0872B306D2900702FA1 /* CoreDataService.swift */; };
		D40FE08B2B30866700702FA1 /* sydney_locations.xcdatamodeld in Sources */ = {isa = PBXBuildFile; fileRef = D40FE0892B30866700702FA1 /* sydney_locations.xcdatamodeld */; };
		D40FE08D2B3087E200702FA1 /* CoreDataServiceProtocol.swift in Sources */ = {isa = PBXBuildFile; fileRef = D40FE08C2B3087E200702FA1 /* CoreDataServiceProtocol.swift */; };
		D40FE08F2B308B8C00702FA1 /* CoreDataService+Locations.swift in Sources */ = {isa = PBXBuildFile; fileRef = D40FE08E2B308B8C00702FA1 /* CoreDataService+Locations.swift */; };
		D40FE09E2B3172B600702FA1 /* MapViewModelTests.swift in Sources */ = {isa = PBXBuildFile; fileRef = D40FE09D2B3172B600702FA1 /* MapViewModelTests.swift */; };
		D40FE0A12B3178F500702FA1 /* MapViewModelDelegateMock.swift in Sources */ = {isa = PBXBuildFile; fileRef = D40FE0A02B3178F500702FA1 /* MapViewModelDelegateMock.swift */; };
		D40FE0A32B3179E200702FA1 /* CoreDataServiceMock.swift in Sources */ = {isa = PBXBuildFile; fileRef = D40FE0A22B3179E200702FA1 /* CoreDataServiceMock.swift */; };
		D40FE0A52B3180DF00702FA1 /* MapItemsFactoryMock.swift in Sources */ = {isa = PBXBuildFile; fileRef = D40FE0A42B3180DF00702FA1 /* MapItemsFactoryMock.swift */; };
		D40FE0A92B31920E00702FA1 /* SelectLocationViewModelTests.swift in Sources */ = {isa = PBXBuildFile; fileRef = D40FE0A82B31920E00702FA1 /* SelectLocationViewModelTests.swift */; };
		D40FE0AB2B3192EA00702FA1 /* SelectLocationDelegateMock.swift in Sources */ = {isa = PBXBuildFile; fileRef = D40FE0AA2B3192EA00702FA1 /* SelectLocationDelegateMock.swift */; };
		D40FE0AE2B3199AA00702FA1 /* LocationsViewModelTests.swift in Sources */ = {isa = PBXBuildFile; fileRef = D40FE0AD2B3199AA00702FA1 /* LocationsViewModelTests.swift */; };
		D40FE0B02B3199E100702FA1 /* LocationsViewItemsDelegateMock.swift in Sources */ = {isa = PBXBuildFile; fileRef = D40FE0AF2B3199E100702FA1 /* LocationsViewItemsDelegateMock.swift */; };
		D40FE0B22B319B2200702FA1 /* LocationsItemsFactoryMock.swift in Sources */ = {isa = PBXBuildFile; fileRef = D40FE0B12B319B2200702FA1 /* LocationsItemsFactoryMock.swift */; };
		D40FE0B62B319E3D00702FA1 /* LocationInfoViewModelTests.swift in Sources */ = {isa = PBXBuildFile; fileRef = D40FE0B52B319E3D00702FA1 /* LocationInfoViewModelTests.swift */; };
		D40FE0B82B319E7900702FA1 /* LocationInfoViewModelDelegateMock.swift in Sources */ = {isa = PBXBuildFile; fileRef = D40FE0B72B319E7900702FA1 /* LocationInfoViewModelDelegateMock.swift */; };
		D40FE0BB2B319ED700702FA1 /* LocationInfoItemsFactoryMock.swift in Sources */ = {isa = PBXBuildFile; fileRef = D40FE0BA2B319ED700702FA1 /* LocationInfoItemsFactoryMock.swift */; };
		D40FE0BD2B31A02E00702FA1 /* AddLocationInfoItemFactoryMock.swift in Sources */ = {isa = PBXBuildFile; fileRef = D40FE0BC2B31A02E00702FA1 /* AddLocationInfoItemFactoryMock.swift */; };
		D40FE0C02B31A35600702FA1 /* AddLocationInfoViewModelTests.swift in Sources */ = {isa = PBXBuildFile; fileRef = D40FE0BF2B31A35600702FA1 /* AddLocationInfoViewModelTests.swift */; };
		D40FE0C22B31A38B00702FA1 /* AddLocationInfoDelegateMock.swift in Sources */ = {isa = PBXBuildFile; fileRef = D40FE0C12B31A38B00702FA1 /* AddLocationInfoDelegateMock.swift */; };
		D40FE0C72B31A66800702FA1 /* Alamofire in Frameworks */ = {isa = PBXBuildFile; productRef = D40FE0C62B31A66800702FA1 /* Alamofire */; };
		D40FE0C92B31A67800702FA1 /* NetworkService.swift in Sources */ = {isa = PBXBuildFile; fileRef = D40FE0C82B31A67800702FA1 /* NetworkService.swift */; };
/* End PBXBuildFile section */

/* Begin PBXContainerItemProxy section */
		D40FE0982B31724900702FA1 /* PBXContainerItemProxy */ = {
			isa = PBXContainerItemProxy;
			containerPortal = D40FDFCC2B2C9FA400702FA1 /* Project object */;
			proxyType = 1;
			remoteGlobalIDString = D40FDFD32B2C9FA400702FA1;
			remoteInfo = SydneyLocations;
		};
/* End PBXContainerItemProxy section */

/* Begin PBXFileReference section */
		D40FDFD42B2C9FA400702FA1 /* SydneyLocations.app */ = {isa = PBXFileReference; explicitFileType = wrapper.application; includeInIndex = 0; path = SydneyLocations.app; sourceTree = BUILT_PRODUCTS_DIR; };
		D40FDFD92B2C9FA400702FA1 /* MapView.swift */ = {isa = PBXFileReference; lastKnownFileType = sourcecode.swift; path = MapView.swift; sourceTree = "<group>"; };
		D40FDFDB2B2C9FA500702FA1 /* Assets.xcassets */ = {isa = PBXFileReference; lastKnownFileType = folder.assetcatalog; path = Assets.xcassets; sourceTree = "<group>"; };
		D40FDFE62B2CA58500702FA1 /* locations.json */ = {isa = PBXFileReference; fileEncoding = 4; lastKnownFileType = text.json; path = locations.json; sourceTree = "<group>"; };
		D40FDFE82B2CA5A600702FA1 /* Location.swift */ = {isa = PBXFileReference; lastKnownFileType = sourcecode.swift; path = Location.swift; sourceTree = "<group>"; };
		D40FDFEC2B2CA67D00702FA1 /* FileService.swift */ = {isa = PBXFileReference; lastKnownFileType = sourcecode.swift; path = FileService.swift; sourceTree = "<group>"; };
		D40FDFEF2B2D77F100702FA1 /* AppDelegate.swift */ = {isa = PBXFileReference; lastKnownFileType = sourcecode.swift; path = AppDelegate.swift; sourceTree = "<group>"; };
		D40FDFF12B2D788C00702FA1 /* AppSceneDelegate.swift */ = {isa = PBXFileReference; lastKnownFileType = sourcecode.swift; path = AppSceneDelegate.swift; sourceTree = "<group>"; };
		D40FDFF42B2DA1A300702FA1 /* ParserService.swift */ = {isa = PBXFileReference; lastKnownFileType = sourcecode.swift; path = ParserService.swift; sourceTree = "<group>"; };
		D40FDFF62B2DA62A00702FA1 /* Locations.swift */ = {isa = PBXFileReference; lastKnownFileType = sourcecode.swift; path = Locations.swift; sourceTree = "<group>"; };
		D40FDFF82B2DA74800702FA1 /* MapViewModel.swift */ = {isa = PBXFileReference; lastKnownFileType = sourcecode.swift; path = MapViewModel.swift; sourceTree = "<group>"; };
		D40FDFFA2B2DA83400702FA1 /* MapViewAssembly.swift */ = {isa = PBXFileReference; lastKnownFileType = sourcecode.swift; path = MapViewAssembly.swift; sourceTree = "<group>"; };
		D40FDFFC2B2DAE0F00702FA1 /* MapPlace.swift */ = {isa = PBXFileReference; lastKnownFileType = sourcecode.swift; path = MapPlace.swift; sourceTree = "<group>"; };
		D40FDFFE2B2DAE9200702FA1 /* MapItemsFactory.swift */ = {isa = PBXFileReference; lastKnownFileType = sourcecode.swift; path = MapItemsFactory.swift; sourceTree = "<group>"; };
		D40FE0042B2DCC9600702FA1 /* LocationsView.swift */ = {isa = PBXFileReference; lastKnownFileType = sourcecode.swift; path = LocationsView.swift; sourceTree = "<group>"; };
		D40FE0062B2DCCC900702FA1 /* LocationsViewModel.swift */ = {isa = PBXFileReference; lastKnownFileType = sourcecode.swift; path = LocationsViewModel.swift; sourceTree = "<group>"; };
		D40FE0082B2DCD1A00702FA1 /* LocationsViewAssembly.swift */ = {isa = PBXFileReference; lastKnownFileType = sourcecode.swift; path = LocationsViewAssembly.swift; sourceTree = "<group>"; };
		D40FE00A2B2E002B00702FA1 /* LocationItem.swift */ = {isa = PBXFileReference; lastKnownFileType = sourcecode.swift; path = LocationItem.swift; sourceTree = "<group>"; };
		D40FE00D2B2E02D000702FA1 /* ViewGeneratable.swift */ = {isa = PBXFileReference; lastKnownFileType = sourcecode.swift; path = ViewGeneratable.swift; sourceTree = "<group>"; };
		D40FE00F2B2E038000702FA1 /* LocationView.swift */ = {isa = PBXFileReference; lastKnownFileType = sourcecode.swift; path = LocationView.swift; sourceTree = "<group>"; };
		D40FE0112B2E03C500702FA1 /* View+Extensions.swift */ = {isa = PBXFileReference; lastKnownFileType = sourcecode.swift; path = "View+Extensions.swift"; sourceTree = "<group>"; };
		D40FE0142B2E043100702FA1 /* LocationsItemsFactory.swift */ = {isa = PBXFileReference; lastKnownFileType = sourcecode.swift; path = LocationsItemsFactory.swift; sourceTree = "<group>"; };
		D40FE0172B2E1D9700702FA1 /* SelectLocationView.swift */ = {isa = PBXFileReference; lastKnownFileType = sourcecode.swift; path = SelectLocationView.swift; sourceTree = "<group>"; };
		D40FE0192B2E1DF200702FA1 /* SelectLocationViewModel.swift */ = {isa = PBXFileReference; lastKnownFileType = sourcecode.swift; path = SelectLocationViewModel.swift; sourceTree = "<group>"; };
		D40FE01B2B2E1E3700702FA1 /* SelectLocationViewAssembly.swift */ = {isa = PBXFileReference; lastKnownFileType = sourcecode.swift; path = SelectLocationViewAssembly.swift; sourceTree = "<group>"; };
		D40FE01D2B2E27CA00702FA1 /* MKCoordinateRegion+Extensions.swift */ = {isa = PBXFileReference; lastKnownFileType = sourcecode.swift; path = "MKCoordinateRegion+Extensions.swift"; sourceTree = "<group>"; };
		D40FE0202B2ED68A00702FA1 /* Coordinatable.swift */ = {isa = PBXFileReference; lastKnownFileType = sourcecode.swift; path = Coordinatable.swift; sourceTree = "<group>"; };
		D40FE0232B2ED7DB00702FA1 /* AppCoordinator.swift */ = {isa = PBXFileReference; lastKnownFileType = sourcecode.swift; path = AppCoordinator.swift; sourceTree = "<group>"; };
		D40FE0252B2EF54C00702FA1 /* AppCoordinatorAssembly.swift */ = {isa = PBXFileReference; lastKnownFileType = sourcecode.swift; path = AppCoordinatorAssembly.swift; sourceTree = "<group>"; };
		D40FE0272B2EF6A400702FA1 /* AppRouter.swift */ = {isa = PBXFileReference; lastKnownFileType = sourcecode.swift; path = AppRouter.swift; sourceTree = "<group>"; };
		D40FE02A2B2EF7A900702FA1 /* MapCoordinator.swift */ = {isa = PBXFileReference; lastKnownFileType = sourcecode.swift; path = MapCoordinator.swift; sourceTree = "<group>"; };
		D40FE02C2B2EF81100702FA1 /* MapCoordinatorAssembly.swift */ = {isa = PBXFileReference; lastKnownFileType = sourcecode.swift; path = MapCoordinatorAssembly.swift; sourceTree = "<group>"; };
		D40FE02E2B2EF98100702FA1 /* CoordinatorsFactory.swift */ = {isa = PBXFileReference; lastKnownFileType = sourcecode.swift; path = CoordinatorsFactory.swift; sourceTree = "<group>"; };
		D40FE0302B2EFA5F00702FA1 /* MapRouter.swift */ = {isa = PBXFileReference; lastKnownFileType = sourcecode.swift; path = MapRouter.swift; sourceTree = "<group>"; };
		D40FE0332B2EFAEC00702FA1 /* ViewsBaseFactory.swift */ = {isa = PBXFileReference; lastKnownFileType = sourcecode.swift; path = ViewsBaseFactory.swift; sourceTree = "<group>"; };
		D40FE0352B2EFB0800702FA1 /* BaseContentLink.swift */ = {isa = PBXFileReference; lastKnownFileType = sourcecode.swift; path = BaseContentLink.swift; sourceTree = "<group>"; };
		D40FE0372B2EFB4300702FA1 /* BaseSheetLink.swift */ = {isa = PBXFileReference; lastKnownFileType = sourcecode.swift; path = BaseSheetLink.swift; sourceTree = "<group>"; };
		D40FE0392B2EFB6C00702FA1 /* BaseFullCoverLink.swift */ = {isa = PBXFileReference; lastKnownFileType = sourcecode.swift; path = BaseFullCoverLink.swift; sourceTree = "<group>"; };
		D40FE03C2B2EFBDB00702FA1 /* MapRouterState.swift */ = {isa = PBXFileReference; lastKnownFileType = sourcecode.swift; path = MapRouterState.swift; sourceTree = "<group>"; };
		D40FE03E2B2EFC5E00702FA1 /* ViewsBaseFactory+Content.swift */ = {isa = PBXFileReference; lastKnownFileType = sourcecode.swift; path = "ViewsBaseFactory+Content.swift"; sourceTree = "<group>"; };
		D40FE0402B2EFCB900702FA1 /* ViewsBaseFactory+Sheet.swift */ = {isa = PBXFileReference; lastKnownFileType = sourcecode.swift; path = "ViewsBaseFactory+Sheet.swift"; sourceTree = "<group>"; };
		D40FE0422B2EFCFF00702FA1 /* ViewsBaseFactory+FullCover.swift */ = {isa = PBXFileReference; lastKnownFileType = sourcecode.swift; path = "ViewsBaseFactory+FullCover.swift"; sourceTree = "<group>"; };
		D40FE0452B2F044700702FA1 /* MapViewModelProtocol.swift */ = {isa = PBXFileReference; lastKnownFileType = sourcecode.swift; path = MapViewModelProtocol.swift; sourceTree = "<group>"; };
		D40FE0472B2F052D00702FA1 /* MapViewModelDelegate.swift */ = {isa = PBXFileReference; lastKnownFileType = sourcecode.swift; path = MapViewModelDelegate.swift; sourceTree = "<group>"; };
		D40FE04A2B2F0F2B00702FA1 /* LocationsViewModelProtocol.swift */ = {isa = PBXFileReference; lastKnownFileType = sourcecode.swift; path = LocationsViewModelProtocol.swift; sourceTree = "<group>"; };
		D40FE04C2B2F0F4700702FA1 /* LocationsViewItemsDelegate.swift */ = {isa = PBXFileReference; lastKnownFileType = sourcecode.swift; path = LocationsViewItemsDelegate.swift; sourceTree = "<group>"; };
		D40FE04F2B2F5FD100702FA1 /* LocationInfoView.swift */ = {isa = PBXFileReference; lastKnownFileType = sourcecode.swift; path = LocationInfoView.swift; sourceTree = "<group>"; };
		D40FE0512B2F601F00702FA1 /* LocationInfoViewModel.swift */ = {isa = PBXFileReference; lastKnownFileType = sourcecode.swift; path = LocationInfoViewModel.swift; sourceTree = "<group>"; };
		D40FE0532B2F606400702FA1 /* LocationInfoViewAssembly.swift */ = {isa = PBXFileReference; lastKnownFileType = sourcecode.swift; path = LocationInfoViewAssembly.swift; sourceTree = "<group>"; };
		D40FE0552B2F617B00702FA1 /* LocationInfo.swift */ = {isa = PBXFileReference; lastKnownFileType = sourcecode.swift; path = LocationInfo.swift; sourceTree = "<group>"; };
		D40FE0572B2F61D700702FA1 /* LocationInfoItem.swift */ = {isa = PBXFileReference; lastKnownFileType = sourcecode.swift; path = LocationInfoItem.swift; sourceTree = "<group>"; };
		D40FE05A2B2F626C00702FA1 /* LocationInfoItemView.swift */ = {isa = PBXFileReference; lastKnownFileType = sourcecode.swift; path = LocationInfoItemView.swift; sourceTree = "<group>"; };
		D40FE05C2B2F62E400702FA1 /* LocationInfoItemsFactory.swift */ = {isa = PBXFileReference; lastKnownFileType = sourcecode.swift; path = LocationInfoItemsFactory.swift; sourceTree = "<group>"; };
		D40FE05F2B2F87A600702FA1 /* AddLocationInfoView.swift */ = {isa = PBXFileReference; lastKnownFileType = sourcecode.swift; path = AddLocationInfoView.swift; sourceTree = "<group>"; };
		D40FE0612B2F87D900702FA1 /* AddLocationInfoViewModel.swift */ = {isa = PBXFileReference; lastKnownFileType = sourcecode.swift; path = AddLocationInfoViewModel.swift; sourceTree = "<group>"; };
		D40FE0632B2F882A00702FA1 /* AddLocationInfoViewAssembly.swift */ = {isa = PBXFileReference; lastKnownFileType = sourcecode.swift; path = AddLocationInfoViewAssembly.swift; sourceTree = "<group>"; };
		D40FE0652B2F8D3E00702FA1 /* AddLocationInfoItem.swift */ = {isa = PBXFileReference; lastKnownFileType = sourcecode.swift; path = AddLocationInfoItem.swift; sourceTree = "<group>"; };
		D40FE0672B2F8D9800702FA1 /* AddLocationInfoItemView.swift */ = {isa = PBXFileReference; lastKnownFileType = sourcecode.swift; path = AddLocationInfoItemView.swift; sourceTree = "<group>"; };
		D40FE0692B2F908900702FA1 /* AddLocationInfoItemFactory.swift */ = {isa = PBXFileReference; lastKnownFileType = sourcecode.swift; path = AddLocationInfoItemFactory.swift; sourceTree = "<group>"; };
		D40FE06D2B30051C00702FA1 /* AddLocationInfoViewModelProtocol.swift */ = {isa = PBXFileReference; lastKnownFileType = sourcecode.swift; path = AddLocationInfoViewModelProtocol.swift; sourceTree = "<group>"; };
		D40FE06F2B30053400702FA1 /* AddLocationInfoItemDelegate.swift */ = {isa = PBXFileReference; lastKnownFileType = sourcecode.swift; path = AddLocationInfoItemDelegate.swift; sourceTree = "<group>"; };
		D40FE0712B30063400702FA1 /* AddLocationInfoViewModelDelegate.swift */ = {isa = PBXFileReference; lastKnownFileType = sourcecode.swift; path = AddLocationInfoViewModelDelegate.swift; sourceTree = "<group>"; };
		D40FE0732B3007B000702FA1 /* SelectedLocation.swift */ = {isa = PBXFileReference; lastKnownFileType = sourcecode.swift; path = SelectedLocation.swift; sourceTree = "<group>"; };
		D40FE0762B3008D100702FA1 /* CreateLocationCoordinator.swift */ = {isa = PBXFileReference; lastKnownFileType = sourcecode.swift; path = CreateLocationCoordinator.swift; sourceTree = "<group>"; };
		D40FE0782B30093300702FA1 /* CreateLocationRouter.swift */ = {isa = PBXFileReference; lastKnownFileType = sourcecode.swift; path = CreateLocationRouter.swift; sourceTree = "<group>"; };
		D40FE07A2B30099600702FA1 /* CreateLocationRouterState.swift */ = {isa = PBXFileReference; lastKnownFileType = sourcecode.swift; path = CreateLocationRouterState.swift; sourceTree = "<group>"; };
		D40FE07C2B3009D400702FA1 /* CreateLocationCoordinatorAssembly.swift */ = {isa = PBXFileReference; lastKnownFileType = sourcecode.swift; path = CreateLocationCoordinatorAssembly.swift; sourceTree = "<group>"; };
		D40FE07E2B300F4A00702FA1 /* RootRouterState.swift */ = {isa = PBXFileReference; lastKnownFileType = sourcecode.swift; path = RootRouterState.swift; sourceTree = "<group>"; };
		D40FE0802B301B1B00702FA1 /* CreateLocationRootRouter.swift */ = {isa = PBXFileReference; lastKnownFileType = sourcecode.swift; path = CreateLocationRootRouter.swift; sourceTree = "<group>"; };
		D40FE0832B301C5C00702FA1 /* CreateLocationRootRouterState.swift */ = {isa = PBXFileReference; lastKnownFileType = sourcecode.swift; path = CreateLocationRootRouterState.swift; sourceTree = "<group>"; };
		D40FE0872B306D2900702FA1 /* CoreDataService.swift */ = {isa = PBXFileReference; lastKnownFileType = sourcecode.swift; path = CoreDataService.swift; sourceTree = "<group>"; };
		D40FE08A2B30866700702FA1 /* sydney_locations.xcdatamodel */ = {isa = PBXFileReference; lastKnownFileType = wrapper.xcdatamodel; path = sydney_locations.xcdatamodel; sourceTree = "<group>"; };
		D40FE08C2B3087E200702FA1 /* CoreDataServiceProtocol.swift */ = {isa = PBXFileReference; lastKnownFileType = sourcecode.swift; path = CoreDataServiceProtocol.swift; sourceTree = "<group>"; };
		D40FE08E2B308B8C00702FA1 /* CoreDataService+Locations.swift */ = {isa = PBXFileReference; lastKnownFileType = sourcecode.swift; path = "CoreDataService+Locations.swift"; sourceTree = "<group>"; };
		D40FE0942B31724800702FA1 /* SydneyLocationsTests.xctest */ = {isa = PBXFileReference; explicitFileType = wrapper.cfbundle; includeInIndex = 0; path = SydneyLocationsTests.xctest; sourceTree = BUILT_PRODUCTS_DIR; };
		D40FE09D2B3172B600702FA1 /* MapViewModelTests.swift */ = {isa = PBXFileReference; lastKnownFileType = sourcecode.swift; path = MapViewModelTests.swift; sourceTree = "<group>"; };
		D40FE0A02B3178F500702FA1 /* MapViewModelDelegateMock.swift */ = {isa = PBXFileReference; lastKnownFileType = sourcecode.swift; path = MapViewModelDelegateMock.swift; sourceTree = "<group>"; };
		D40FE0A22B3179E200702FA1 /* CoreDataServiceMock.swift */ = {isa = PBXFileReference; lastKnownFileType = sourcecode.swift; path = CoreDataServiceMock.swift; sourceTree = "<group>"; };
		D40FE0A42B3180DF00702FA1 /* MapItemsFactoryMock.swift */ = {isa = PBXFileReference; lastKnownFileType = sourcecode.swift; path = MapItemsFactoryMock.swift; sourceTree = "<group>"; };
		D40FE0A82B31920E00702FA1 /* SelectLocationViewModelTests.swift */ = {isa = PBXFileReference; lastKnownFileType = sourcecode.swift; path = SelectLocationViewModelTests.swift; sourceTree = "<group>"; };
		D40FE0AA2B3192EA00702FA1 /* SelectLocationDelegateMock.swift */ = {isa = PBXFileReference; lastKnownFileType = sourcecode.swift; path = SelectLocationDelegateMock.swift; sourceTree = "<group>"; };
		D40FE0AD2B3199AA00702FA1 /* LocationsViewModelTests.swift */ = {isa = PBXFileReference; lastKnownFileType = sourcecode.swift; path = LocationsViewModelTests.swift; sourceTree = "<group>"; };
		D40FE0AF2B3199E100702FA1 /* LocationsViewItemsDelegateMock.swift */ = {isa = PBXFileReference; lastKnownFileType = sourcecode.swift; path = LocationsViewItemsDelegateMock.swift; sourceTree = "<group>"; };
		D40FE0B12B319B2200702FA1 /* LocationsItemsFactoryMock.swift */ = {isa = PBXFileReference; lastKnownFileType = sourcecode.swift; path = LocationsItemsFactoryMock.swift; sourceTree = "<group>"; };
		D40FE0B52B319E3D00702FA1 /* LocationInfoViewModelTests.swift */ = {isa = PBXFileReference; lastKnownFileType = sourcecode.swift; path = LocationInfoViewModelTests.swift; sourceTree = "<group>"; };
		D40FE0B72B319E7900702FA1 /* LocationInfoViewModelDelegateMock.swift */ = {isa = PBXFileReference; lastKnownFileType = sourcecode.swift; path = LocationInfoViewModelDelegateMock.swift; sourceTree = "<group>"; };
		D40FE0BA2B319ED700702FA1 /* LocationInfoItemsFactoryMock.swift */ = {isa = PBXFileReference; lastKnownFileType = sourcecode.swift; path = LocationInfoItemsFactoryMock.swift; sourceTree = "<group>"; };
		D40FE0BC2B31A02E00702FA1 /* AddLocationInfoItemFactoryMock.swift */ = {isa = PBXFileReference; lastKnownFileType = sourcecode.swift; path = AddLocationInfoItemFactoryMock.swift; sourceTree = "<group>"; };
		D40FE0BF2B31A35600702FA1 /* AddLocationInfoViewModelTests.swift */ = {isa = PBXFileReference; lastKnownFileType = sourcecode.swift; path = AddLocationInfoViewModelTests.swift; sourceTree = "<group>"; };
		D40FE0C12B31A38B00702FA1 /* AddLocationInfoDelegateMock.swift */ = {isa = PBXFileReference; lastKnownFileType = sourcecode.swift; path = AddLocationInfoDelegateMock.swift; sourceTree = "<group>"; };
		D40FE0C82B31A67800702FA1 /* NetworkService.swift */ = {isa = PBXFileReference; lastKnownFileType = sourcecode.swift; path = NetworkService.swift; sourceTree = "<group>"; };
/* End PBXFileReference section */

/* Begin PBXFrameworksBuildPhase section */
		D40FDFD12B2C9FA400702FA1 /* Frameworks */ = {
			isa = PBXFrameworksBuildPhase;
			buildActionMask = 2147483647;
			files = (
				D40FE0C72B31A66800702FA1 /* Alamofire in Frameworks */,
			);
			runOnlyForDeploymentPostprocessing = 0;
		};
		D40FE0912B31724800702FA1 /* Frameworks */ = {
			isa = PBXFrameworksBuildPhase;
			buildActionMask = 2147483647;
			files = (
			);
			runOnlyForDeploymentPostprocessing = 0;
		};
/* End PBXFrameworksBuildPhase section */

/* Begin PBXGroup section */
		D40FDFCB2B2C9FA400702FA1 = {
			isa = PBXGroup;
			children = (
				D40FDFD62B2C9FA400702FA1 /* SydneyLocations */,
				D40FE0952B31724900702FA1 /* SydneyLocationsTests */,
				D40FDFD52B2C9FA400702FA1 /* Products */,
			);
			sourceTree = "<group>";
		};
		D40FDFD52B2C9FA400702FA1 /* Products */ = {
			isa = PBXGroup;
			children = (
				D40FDFD42B2C9FA400702FA1 /* SydneyLocations.app */,
				D40FE0942B31724800702FA1 /* SydneyLocationsTests.xctest */,
			);
			name = Products;
			sourceTree = "<group>";
		};
		D40FDFD62B2C9FA400702FA1 /* SydneyLocations */ = {
			isa = PBXGroup;
			children = (
				D40FE0132B2E03E400702FA1 /* Extensions */,
				D40FE00C2B2E02BD00702FA1 /* Base */,
				D40FDFEE2B2D77E700702FA1 /* App */,
				D40FE01F2B2ED67900702FA1 /* Coordinators */,
				D40FE05E2B2F877300702FA1 /* Add Location Info View */,
				D40FE0162B2E1B8B00702FA1 /* Select Location */,
				D40FE04E2B2F5FBA00702FA1 /* Location Info View */,
				D40FE0032B2DC89D00702FA1 /* Locations View */,
				D40FDFF32B2D833A00702FA1 /* Map View */,
				D40FDFEB2B2CA67100702FA1 /* Services */,
				D40FDFEA2B2CA66100702FA1 /* Models */,
				D40FDFE52B2CA32500702FA1 /* Resources */,
			);
			path = SydneyLocations;
			sourceTree = "<group>";
		};
		D40FDFE52B2CA32500702FA1 /* Resources */ = {
			isa = PBXGroup;
			children = (
				D40FDFE62B2CA58500702FA1 /* locations.json */,
				D40FDFDB2B2C9FA500702FA1 /* Assets.xcassets */,
			);
			path = Resources;
			sourceTree = "<group>";
		};
		D40FDFEA2B2CA66100702FA1 /* Models */ = {
			isa = PBXGroup;
			children = (
				D40FDFE82B2CA5A600702FA1 /* Location.swift */,
				D40FDFF62B2DA62A00702FA1 /* Locations.swift */,
			);
			path = Models;
			sourceTree = "<group>";
		};
		D40FDFEB2B2CA67100702FA1 /* Services */ = {
			isa = PBXGroup;
			children = (
				D40FE0C42B31A5B500702FA1 /* Network Service */,
				D40FE0862B306D1B00702FA1 /* Core Data Service */,
				D40FDFEC2B2CA67D00702FA1 /* FileService.swift */,
				D40FDFF42B2DA1A300702FA1 /* ParserService.swift */,
			);
			path = Services;
			sourceTree = "<group>";
		};
		D40FDFEE2B2D77E700702FA1 /* App */ = {
			isa = PBXGroup;
			children = (
				D40FDFEF2B2D77F100702FA1 /* AppDelegate.swift */,
				D40FDFF12B2D788C00702FA1 /* AppSceneDelegate.swift */,
			);
			path = App;
			sourceTree = "<group>";
		};
		D40FDFF32B2D833A00702FA1 /* Map View */ = {
			isa = PBXGroup;
			children = (
				D40FE0442B2F043B00702FA1 /* View Model */,
				D40FDFFA2B2DA83400702FA1 /* MapViewAssembly.swift */,
				D40FDFD92B2C9FA400702FA1 /* MapView.swift */,
				D40FDFFE2B2DAE9200702FA1 /* MapItemsFactory.swift */,
				D40FDFFC2B2DAE0F00702FA1 /* MapPlace.swift */,
			);
			path = "Map View";
			sourceTree = "<group>";
		};
		D40FE0032B2DC89D00702FA1 /* Locations View */ = {
			isa = PBXGroup;
			children = (
				D40FE0492B2F0F0F00702FA1 /* View Model */,
				D40FE0082B2DCD1A00702FA1 /* LocationsViewAssembly.swift */,
				D40FE0042B2DCC9600702FA1 /* LocationsView.swift */,
				D40FE00A2B2E002B00702FA1 /* LocationItem.swift */,
				D40FE00F2B2E038000702FA1 /* LocationView.swift */,
				D40FE0142B2E043100702FA1 /* LocationsItemsFactory.swift */,
			);
			path = "Locations View";
			sourceTree = "<group>";
		};
		D40FE00C2B2E02BD00702FA1 /* Base */ = {
			isa = PBXGroup;
			children = (
				D40FE00D2B2E02D000702FA1 /* ViewGeneratable.swift */,
				D40FE02E2B2EF98100702FA1 /* CoordinatorsFactory.swift */,
				D40FE0322B2EFAE000702FA1 /* Routing */,
			);
			path = Base;
			sourceTree = "<group>";
		};
		D40FE0132B2E03E400702FA1 /* Extensions */ = {
			isa = PBXGroup;
			children = (
				D40FE0112B2E03C500702FA1 /* View+Extensions.swift */,
				D40FE01D2B2E27CA00702FA1 /* MKCoordinateRegion+Extensions.swift */,
			);
			path = Extensions;
			sourceTree = "<group>";
		};
		D40FE0162B2E1B8B00702FA1 /* Select Location */ = {
			isa = PBXGroup;
			children = (
				D40FE01B2B2E1E3700702FA1 /* SelectLocationViewAssembly.swift */,
				D40FE0172B2E1D9700702FA1 /* SelectLocationView.swift */,
				D40FE0192B2E1DF200702FA1 /* SelectLocationViewModel.swift */,
				D40FE0732B3007B000702FA1 /* SelectedLocation.swift */,
			);
			path = "Select Location";
			sourceTree = "<group>";
		};
		D40FE01F2B2ED67900702FA1 /* Coordinators */ = {
			isa = PBXGroup;
			children = (
				D40FE0202B2ED68A00702FA1 /* Coordinatable.swift */,
				D40FE0222B2ED7C800702FA1 /* App Coordinator */,
				D40FE0292B2EF78100702FA1 /* Map Coordinator */,
				D40FE0752B3008BE00702FA1 /* Create Location Coordinator */,
			);
			path = Coordinators;
			sourceTree = "<group>";
		};
		D40FE0222B2ED7C800702FA1 /* App Coordinator */ = {
			isa = PBXGroup;
			children = (
				D40FE0252B2EF54C00702FA1 /* AppCoordinatorAssembly.swift */,
				D40FE0232B2ED7DB00702FA1 /* AppCoordinator.swift */,
				D40FE0272B2EF6A400702FA1 /* AppRouter.swift */,
			);
			path = "App Coordinator";
			sourceTree = "<group>";
		};
		D40FE0292B2EF78100702FA1 /* Map Coordinator */ = {
			isa = PBXGroup;
			children = (
				D40FE03B2B2EFBCF00702FA1 /* Router */,
				D40FE02C2B2EF81100702FA1 /* MapCoordinatorAssembly.swift */,
				D40FE02A2B2EF7A900702FA1 /* MapCoordinator.swift */,
			);
			path = "Map Coordinator";
			sourceTree = "<group>";
		};
		D40FE0322B2EFAE000702FA1 /* Routing */ = {
			isa = PBXGroup;
			children = (
				D40FE07E2B300F4A00702FA1 /* RootRouterState.swift */,
				D40FE0352B2EFB0800702FA1 /* BaseContentLink.swift */,
				D40FE0372B2EFB4300702FA1 /* BaseSheetLink.swift */,
				D40FE0392B2EFB6C00702FA1 /* BaseFullCoverLink.swift */,
				D40FE0332B2EFAEC00702FA1 /* ViewsBaseFactory.swift */,
				D40FE03E2B2EFC5E00702FA1 /* ViewsBaseFactory+Content.swift */,
				D40FE0402B2EFCB900702FA1 /* ViewsBaseFactory+Sheet.swift */,
				D40FE0422B2EFCFF00702FA1 /* ViewsBaseFactory+FullCover.swift */,
			);
			path = Routing;
			sourceTree = "<group>";
		};
		D40FE03B2B2EFBCF00702FA1 /* Router */ = {
			isa = PBXGroup;
			children = (
				D40FE0302B2EFA5F00702FA1 /* MapRouter.swift */,
				D40FE03C2B2EFBDB00702FA1 /* MapRouterState.swift */,
			);
			path = Router;
			sourceTree = "<group>";
		};
		D40FE0442B2F043B00702FA1 /* View Model */ = {
			isa = PBXGroup;
			children = (
				D40FE0472B2F052D00702FA1 /* MapViewModelDelegate.swift */,
				D40FE0452B2F044700702FA1 /* MapViewModelProtocol.swift */,
				D40FDFF82B2DA74800702FA1 /* MapViewModel.swift */,
			);
			path = "View Model";
			sourceTree = "<group>";
		};
		D40FE0492B2F0F0F00702FA1 /* View Model */ = {
			isa = PBXGroup;
			children = (
				D40FE04A2B2F0F2B00702FA1 /* LocationsViewModelProtocol.swift */,
				D40FE04C2B2F0F4700702FA1 /* LocationsViewItemsDelegate.swift */,
				D40FE0062B2DCCC900702FA1 /* LocationsViewModel.swift */,
			);
			path = "View Model";
			sourceTree = "<group>";
		};
		D40FE04E2B2F5FBA00702FA1 /* Location Info View */ = {
			isa = PBXGroup;
			children = (
				D40FE0592B2F625D00702FA1 /* Items */,
				D40FE0532B2F606400702FA1 /* LocationInfoViewAssembly.swift */,
				D40FE04F2B2F5FD100702FA1 /* LocationInfoView.swift */,
				D40FE0512B2F601F00702FA1 /* LocationInfoViewModel.swift */,
				D40FE0552B2F617B00702FA1 /* LocationInfo.swift */,
				D40FE05C2B2F62E400702FA1 /* LocationInfoItemsFactory.swift */,
			);
			path = "Location Info View";
			sourceTree = "<group>";
		};
		D40FE0592B2F625D00702FA1 /* Items */ = {
			isa = PBXGroup;
			children = (
				D40FE0572B2F61D700702FA1 /* LocationInfoItem.swift */,
				D40FE05A2B2F626C00702FA1 /* LocationInfoItemView.swift */,
			);
			path = Items;
			sourceTree = "<group>";
		};
		D40FE05E2B2F877300702FA1 /* Add Location Info View */ = {
			isa = PBXGroup;
			children = (
				D40FE06B2B2F9A8100702FA1 /* Items */,
				D40FE06C2B30050A00702FA1 /* View Model */,
				D40FE0632B2F882A00702FA1 /* AddLocationInfoViewAssembly.swift */,
				D40FE05F2B2F87A600702FA1 /* AddLocationInfoView.swift */,
				D40FE0692B2F908900702FA1 /* AddLocationInfoItemFactory.swift */,
			);
			path = "Add Location Info View";
			sourceTree = "<group>";
		};
		D40FE06B2B2F9A8100702FA1 /* Items */ = {
			isa = PBXGroup;
			children = (
				D40FE0652B2F8D3E00702FA1 /* AddLocationInfoItem.swift */,
				D40FE0672B2F8D9800702FA1 /* AddLocationInfoItemView.swift */,
			);
			path = Items;
			sourceTree = "<group>";
		};
		D40FE06C2B30050A00702FA1 /* View Model */ = {
			isa = PBXGroup;
			children = (
				D40FE0712B30063400702FA1 /* AddLocationInfoViewModelDelegate.swift */,
				D40FE06F2B30053400702FA1 /* AddLocationInfoItemDelegate.swift */,
				D40FE06D2B30051C00702FA1 /* AddLocationInfoViewModelProtocol.swift */,
				D40FE0612B2F87D900702FA1 /* AddLocationInfoViewModel.swift */,
			);
			path = "View Model";
			sourceTree = "<group>";
		};
		D40FE0752B3008BE00702FA1 /* Create Location Coordinator */ = {
			isa = PBXGroup;
			children = (
				D40FE0822B301C3B00702FA1 /* Root Router */,
				D40FE0852B301DE800702FA1 /* Router */,
				D40FE07C2B3009D400702FA1 /* CreateLocationCoordinatorAssembly.swift */,
				D40FE0762B3008D100702FA1 /* CreateLocationCoordinator.swift */,
			);
			path = "Create Location Coordinator";
			sourceTree = "<group>";
		};
		D40FE0822B301C3B00702FA1 /* Root Router */ = {
			isa = PBXGroup;
			children = (
				D40FE0832B301C5C00702FA1 /* CreateLocationRootRouterState.swift */,
				D40FE0802B301B1B00702FA1 /* CreateLocationRootRouter.swift */,
			);
			path = "Root Router";
			sourceTree = "<group>";
		};
		D40FE0852B301DE800702FA1 /* Router */ = {
			isa = PBXGroup;
			children = (
				D40FE07A2B30099600702FA1 /* CreateLocationRouterState.swift */,
				D40FE0782B30093300702FA1 /* CreateLocationRouter.swift */,
			);
			path = Router;
			sourceTree = "<group>";
		};
		D40FE0862B306D1B00702FA1 /* Core Data Service */ = {
			isa = PBXGroup;
			children = (
				D40FE08C2B3087E200702FA1 /* CoreDataServiceProtocol.swift */,
				D40FE0872B306D2900702FA1 /* CoreDataService.swift */,
				D40FE08E2B308B8C00702FA1 /* CoreDataService+Locations.swift */,
				D40FE0892B30866700702FA1 /* sydney_locations.xcdatamodeld */,
			);
			path = "Core Data Service";
			sourceTree = "<group>";
		};
		D40FE0952B31724900702FA1 /* SydneyLocationsTests */ = {
			isa = PBXGroup;
			children = (
				D40FE0BE2B31A33F00702FA1 /* Add Location Info View Model */,
				D40FE0B42B319E2B00702FA1 /* Location Info View Model */,
				D40FE0AC2B31993900702FA1 /* Locations View Model */,
				D40FE0A72B3191F500702FA1 /* Select Location View Model */,
				D40FE09F2B3178B800702FA1 /* Map View Model */,
			);
			path = SydneyLocationsTests;
			sourceTree = "<group>";
		};
		D40FE09F2B3178B800702FA1 /* Map View Model */ = {
			isa = PBXGroup;
			children = (
				D40FE0A62B31826000702FA1 /* Mocks */,
				D40FE09D2B3172B600702FA1 /* MapViewModelTests.swift */,
			);
			path = "Map View Model";
			sourceTree = "<group>";
		};
		D40FE0A62B31826000702FA1 /* Mocks */ = {
			isa = PBXGroup;
			children = (
				D40FE0A02B3178F500702FA1 /* MapViewModelDelegateMock.swift */,
				D40FE0A22B3179E200702FA1 /* CoreDataServiceMock.swift */,
				D40FE0A42B3180DF00702FA1 /* MapItemsFactoryMock.swift */,
			);
			path = Mocks;
			sourceTree = "<group>";
		};
		D40FE0A72B3191F500702FA1 /* Select Location View Model */ = {
			isa = PBXGroup;
			children = (
				D40FE0AA2B3192EA00702FA1 /* SelectLocationDelegateMock.swift */,
				D40FE0A82B31920E00702FA1 /* SelectLocationViewModelTests.swift */,
			);
			path = "Select Location View Model";
			sourceTree = "<group>";
		};
		D40FE0AC2B31993900702FA1 /* Locations View Model */ = {
			isa = PBXGroup;
			children = (
				D40FE0B32B319B2800702FA1 /* Mocks */,
				D40FE0AD2B3199AA00702FA1 /* LocationsViewModelTests.swift */,
			);
			path = "Locations View Model";
			sourceTree = "<group>";
		};
		D40FE0B32B319B2800702FA1 /* Mocks */ = {
			isa = PBXGroup;
			children = (
				D40FE0AF2B3199E100702FA1 /* LocationsViewItemsDelegateMock.swift */,
				D40FE0B12B319B2200702FA1 /* LocationsItemsFactoryMock.swift */,
			);
			path = Mocks;
			sourceTree = "<group>";
		};
		D40FE0B42B319E2B00702FA1 /* Location Info View Model */ = {
			isa = PBXGroup;
			children = (
				D40FE0B92B319ECC00702FA1 /* Mocks */,
				D40FE0B52B319E3D00702FA1 /* LocationInfoViewModelTests.swift */,
			);
			path = "Location Info View Model";
			sourceTree = "<group>";
		};
		D40FE0B92B319ECC00702FA1 /* Mocks */ = {
			isa = PBXGroup;
			children = (
				D40FE0B72B319E7900702FA1 /* LocationInfoViewModelDelegateMock.swift */,
				D40FE0BA2B319ED700702FA1 /* LocationInfoItemsFactoryMock.swift */,
				D40FE0BC2B31A02E00702FA1 /* AddLocationInfoItemFactoryMock.swift */,
			);
			path = Mocks;
			sourceTree = "<group>";
		};
		D40FE0BE2B31A33F00702FA1 /* Add Location Info View Model */ = {
			isa = PBXGroup;
			children = (
				D40FE0C12B31A38B00702FA1 /* AddLocationInfoDelegateMock.swift */,
				D40FE0BF2B31A35600702FA1 /* AddLocationInfoViewModelTests.swift */,
			);
			path = "Add Location Info View Model";
			sourceTree = "<group>";
		};
		D40FE0C42B31A5B500702FA1 /* Network Service */ = {
			isa = PBXGroup;
			children = (
				D40FE0C82B31A67800702FA1 /* NetworkService.swift */,
			);
			path = "Network Service";
			sourceTree = "<group>";
		};
/* End PBXGroup section */

/* Begin PBXNativeTarget section */
		D40FDFD32B2C9FA400702FA1 /* SydneyLocations */ = {
			isa = PBXNativeTarget;
			buildConfigurationList = D40FDFE22B2C9FA500702FA1 /* Build configuration list for PBXNativeTarget "SydneyLocations" */;
			buildPhases = (
				D40FDFD02B2C9FA400702FA1 /* Sources */,
				D40FDFD12B2C9FA400702FA1 /* Frameworks */,
				D40FDFD22B2C9FA400702FA1 /* Resources */,
			);
			buildRules = (
			);
			dependencies = (
			);
			name = SydneyLocations;
			packageProductDependencies = (
				D40FE0C62B31A66800702FA1 /* Alamofire */,
			);
			productName = SydneyLocations;
			productReference = D40FDFD42B2C9FA400702FA1 /* SydneyLocations.app */;
			productType = "com.apple.product-type.application";
		};
		D40FE0932B31724800702FA1 /* SydneyLocationsTests */ = {
			isa = PBXNativeTarget;
			buildConfigurationList = D40FE09C2B31724900702FA1 /* Build configuration list for PBXNativeTarget "SydneyLocationsTests" */;
			buildPhases = (
				D40FE0902B31724800702FA1 /* Sources */,
				D40FE0912B31724800702FA1 /* Frameworks */,
				D40FE0922B31724800702FA1 /* Resources */,
			);
			buildRules = (
			);
			dependencies = (
				D40FE0992B31724900702FA1 /* PBXTargetDependency */,
			);
			name = SydneyLocationsTests;
			productName = SydneyLocationsTests;
			productReference = D40FE0942B31724800702FA1 /* SydneyLocationsTests.xctest */;
			productType = "com.apple.product-type.bundle.unit-test";
		};
/* End PBXNativeTarget section */

/* Begin PBXProject section */
		D40FDFCC2B2C9FA400702FA1 /* Project object */ = {
			isa = PBXProject;
			attributes = {
				BuildIndependentTargetsInParallel = 1;
				LastSwiftUpdateCheck = 1430;
				LastUpgradeCheck = 1430;
				TargetAttributes = {
					D40FDFD32B2C9FA400702FA1 = {
						CreatedOnToolsVersion = 14.3.1;
					};
					D40FE0932B31724800702FA1 = {
						CreatedOnToolsVersion = 14.3.1;
						TestTargetID = D40FDFD32B2C9FA400702FA1;
					};
				};
			};
			buildConfigurationList = D40FDFCF2B2C9FA400702FA1 /* Build configuration list for PBXProject "SydneyLocations" */;
			compatibilityVersion = "Xcode 14.0";
			developmentRegion = en;
			hasScannedForEncodings = 0;
			knownRegions = (
				en,
				Base,
			);
			mainGroup = D40FDFCB2B2C9FA400702FA1;
			packageReferences = (
				D40FE0C52B31A66800702FA1 /* XCRemoteSwiftPackageReference "Alamofire" */,
			);
			productRefGroup = D40FDFD52B2C9FA400702FA1 /* Products */;
			projectDirPath = "";
			projectRoot = "";
			targets = (
				D40FDFD32B2C9FA400702FA1 /* SydneyLocations */,
				D40FE0932B31724800702FA1 /* SydneyLocationsTests */,
			);
		};
/* End PBXProject section */

/* Begin PBXResourcesBuildPhase section */
		D40FDFD22B2C9FA400702FA1 /* Resources */ = {
			isa = PBXResourcesBuildPhase;
			buildActionMask = 2147483647;
			files = (
				D40FDFE72B2CA58500702FA1 /* locations.json in Resources */,
				D40FDFDC2B2C9FA500702FA1 /* Assets.xcassets in Resources */,
			);
			runOnlyForDeploymentPostprocessing = 0;
		};
		D40FE0922B31724800702FA1 /* Resources */ = {
			isa = PBXResourcesBuildPhase;
			buildActionMask = 2147483647;
			files = (
			);
			runOnlyForDeploymentPostprocessing = 0;
		};
/* End PBXResourcesBuildPhase section */

/* Begin PBXSourcesBuildPhase section */
		D40FDFD02B2C9FA400702FA1 /* Sources */ = {
			isa = PBXSourcesBuildPhase;
			buildActionMask = 2147483647;
			files = (
				D40FE0882B306D2900702FA1 /* CoreDataService.swift in Sources */,
				D40FE06A2B2F908900702FA1 /* AddLocationInfoItemFactory.swift in Sources */,
				D40FE07B2B30099600702FA1 /* CreateLocationRouterState.swift in Sources */,
				D40FE0312B2EFA5F00702FA1 /* MapRouter.swift in Sources */,
				D40FE06E2B30051C00702FA1 /* AddLocationInfoViewModelProtocol.swift in Sources */,
				D40FE05B2B2F626C00702FA1 /* LocationInfoItemView.swift in Sources */,
				D40FE05D2B2F62E400702FA1 /* LocationInfoItemsFactory.swift in Sources */,
				D40FE07F2B300F4A00702FA1 /* RootRouterState.swift in Sources */,
				D40FE02D2B2EF81100702FA1 /* MapCoordinatorAssembly.swift in Sources */,
				D40FE0482B2F052D00702FA1 /* MapViewModelDelegate.swift in Sources */,
				D40FE0662B2F8D3E00702FA1 /* AddLocationInfoItem.swift in Sources */,
				D40FE0562B2F617B00702FA1 /* LocationInfo.swift in Sources */,
				D40FDFDA2B2C9FA400702FA1 /* MapView.swift in Sources */,
				D40FE03D2B2EFBDB00702FA1 /* MapRouterState.swift in Sources */,
				D40FDFF52B2DA1A300702FA1 /* ParserService.swift in Sources */,
				D40FE0702B30053400702FA1 /* AddLocationInfoItemDelegate.swift in Sources */,
				D40FE0242B2ED7DB00702FA1 /* AppCoordinator.swift in Sources */,
				D40FE0542B2F606400702FA1 /* LocationInfoViewAssembly.swift in Sources */,
				D40FE0682B2F8D9800702FA1 /* AddLocationInfoItemView.swift in Sources */,
				D40FDFED2B2CA67D00702FA1 /* FileService.swift in Sources */,
				D40FE08D2B3087E200702FA1 /* CoreDataServiceProtocol.swift in Sources */,
				D40FE0262B2EF54C00702FA1 /* AppCoordinatorAssembly.swift in Sources */,
				D40FE07D2B3009D400702FA1 /* CreateLocationCoordinatorAssembly.swift in Sources */,
				D40FE0432B2EFCFF00702FA1 /* ViewsBaseFactory+FullCover.swift in Sources */,
				D40FE0842B301C5C00702FA1 /* CreateLocationRootRouterState.swift in Sources */,
				D40FE0742B3007B100702FA1 /* SelectedLocation.swift in Sources */,
				D40FE0282B2EF6A400702FA1 /* AppRouter.swift in Sources */,
				D40FE0722B30063400702FA1 /* AddLocationInfoViewModelDelegate.swift in Sources */,
				D40FDFF72B2DA62A00702FA1 /* Locations.swift in Sources */,
				D40FDFE92B2CA5A600702FA1 /* Location.swift in Sources */,
				D40FE0212B2ED68A00702FA1 /* Coordinatable.swift in Sources */,
				D40FE02B2B2EF7A900702FA1 /* MapCoordinator.swift in Sources */,
				D40FE0362B2EFB0800702FA1 /* BaseContentLink.swift in Sources */,
				D40FE01E2B2E27CA00702FA1 /* MKCoordinateRegion+Extensions.swift in Sources */,
				D40FE08F2B308B8C00702FA1 /* CoreDataService+Locations.swift in Sources */,
				D40FE0772B3008D100702FA1 /* CreateLocationCoordinator.swift in Sources */,
				D40FE00E2B2E02D000702FA1 /* ViewGeneratable.swift in Sources */,
				D40FE0462B2F044700702FA1 /* MapViewModelProtocol.swift in Sources */,
				D40FE0792B30093300702FA1 /* CreateLocationRouter.swift in Sources */,
				D40FE0582B2F61D700702FA1 /* LocationInfoItem.swift in Sources */,
				D40FE0102B2E038000702FA1 /* LocationView.swift in Sources */,
				D40FDFF22B2D788C00702FA1 /* AppSceneDelegate.swift in Sources */,
				D40FE04D2B2F0F4700702FA1 /* LocationsViewItemsDelegate.swift in Sources */,
				D40FE02F2B2EF98100702FA1 /* CoordinatorsFactory.swift in Sources */,
				D40FE0382B2EFB4300702FA1 /* BaseSheetLink.swift in Sources */,
				D40FE08B2B30866700702FA1 /* sydney_locations.xcdatamodeld in Sources */,
				D40FE00B2B2E002B00702FA1 /* LocationItem.swift in Sources */,
				D40FE0342B2EFAEC00702FA1 /* ViewsBaseFactory.swift in Sources */,
				D40FDFFB2B2DA83400702FA1 /* MapViewAssembly.swift in Sources */,
				D40FE0122B2E03C500702FA1 /* View+Extensions.swift in Sources */,
				D40FE01C2B2E1E3700702FA1 /* SelectLocationViewAssembly.swift in Sources */,
				D40FE0152B2E043100702FA1 /* LocationsItemsFactory.swift in Sources */,
				D40FE0602B2F87A600702FA1 /* AddLocationInfoView.swift in Sources */,
				D40FE01A2B2E1DF200702FA1 /* SelectLocationViewModel.swift in Sources */,
				D40FE0072B2DCCC900702FA1 /* LocationsViewModel.swift in Sources */,
				D40FDFF02B2D77F100702FA1 /* AppDelegate.swift in Sources */,
				D40FDFFF2B2DAE9200702FA1 /* MapItemsFactory.swift in Sources */,
				D40FE0812B301B1B00702FA1 /* CreateLocationRootRouter.swift in Sources */,
				D40FE0C92B31A67800702FA1 /* NetworkService.swift in Sources */,
				D40FE0052B2DCC9600702FA1 /* LocationsView.swift in Sources */,
				D40FDFF92B2DA74800702FA1 /* MapViewModel.swift in Sources */,
				D40FE03A2B2EFB6C00702FA1 /* BaseFullCoverLink.swift in Sources */,
				D40FE0502B2F5FD100702FA1 /* LocationInfoView.swift in Sources */,
				D40FE0522B2F601F00702FA1 /* LocationInfoViewModel.swift in Sources */,
				D40FE03F2B2EFC5E00702FA1 /* ViewsBaseFactory+Content.swift in Sources */,
				D40FE0182B2E1D9700702FA1 /* SelectLocationView.swift in Sources */,
				D40FDFFD2B2DAE0F00702FA1 /* MapPlace.swift in Sources */,
				D40FE0642B2F882A00702FA1 /* AddLocationInfoViewAssembly.swift in Sources */,
				D40FE0412B2EFCB900702FA1 /* ViewsBaseFactory+Sheet.swift in Sources */,
				D40FE04B2B2F0F2B00702FA1 /* LocationsViewModelProtocol.swift in Sources */,
				D40FE0092B2DCD1A00702FA1 /* LocationsViewAssembly.swift in Sources */,
				D40FE0622B2F87D900702FA1 /* AddLocationInfoViewModel.swift in Sources */,
			);
			runOnlyForDeploymentPostprocessing = 0;
		};
		D40FE0902B31724800702FA1 /* Sources */ = {
			isa = PBXSourcesBuildPhase;
			buildActionMask = 2147483647;
			files = (
				D40FE0B82B319E7900702FA1 /* LocationInfoViewModelDelegateMock.swift in Sources */,
				D40FE0C02B31A35600702FA1 /* AddLocationInfoViewModelTests.swift in Sources */,
				D40FE0B62B319E3D00702FA1 /* LocationInfoViewModelTests.swift in Sources */,
				D40FE0A12B3178F500702FA1 /* MapViewModelDelegateMock.swift in Sources */,
				D40FE0A32B3179E200702FA1 /* CoreDataServiceMock.swift in Sources */,
				D40FE0AB2B3192EA00702FA1 /* SelectLocationDelegateMock.swift in Sources */,
				D40FE0BD2B31A02E00702FA1 /* AddLocationInfoItemFactoryMock.swift in Sources */,
				D40FE0A92B31920E00702FA1 /* SelectLocationViewModelTests.swift in Sources */,
				D40FE0AE2B3199AA00702FA1 /* LocationsViewModelTests.swift in Sources */,
				D40FE0B02B3199E100702FA1 /* LocationsViewItemsDelegateMock.swift in Sources */,
				D40FE0A52B3180DF00702FA1 /* MapItemsFactoryMock.swift in Sources */,
				D40FE0B22B319B2200702FA1 /* LocationsItemsFactoryMock.swift in Sources */,
				D40FE0BB2B319ED700702FA1 /* LocationInfoItemsFactoryMock.swift in Sources */,
				D40FE09E2B3172B600702FA1 /* MapViewModelTests.swift in Sources */,
				D40FE0C22B31A38B00702FA1 /* AddLocationInfoDelegateMock.swift in Sources */,
			);
			runOnlyForDeploymentPostprocessing = 0;
		};
/* End PBXSourcesBuildPhase section */

/* Begin PBXTargetDependency section */
		D40FE0992B31724900702FA1 /* PBXTargetDependency */ = {
			isa = PBXTargetDependency;
			target = D40FDFD32B2C9FA400702FA1 /* SydneyLocations */;
			targetProxy = D40FE0982B31724900702FA1 /* PBXContainerItemProxy */;
		};
/* End PBXTargetDependency section */

/* Begin XCBuildConfiguration section */
		D40FDFE02B2C9FA500702FA1 /* Debug */ = {
			isa = XCBuildConfiguration;
			buildSettings = {
				ALWAYS_SEARCH_USER_PATHS = NO;
				CLANG_ANALYZER_NONNULL = YES;
				CLANG_ANALYZER_NUMBER_OBJECT_CONVERSION = YES_AGGRESSIVE;
				CLANG_CXX_LANGUAGE_STANDARD = "gnu++20";
				CLANG_ENABLE_MODULES = YES;
				CLANG_ENABLE_OBJC_ARC = YES;
				CLANG_ENABLE_OBJC_WEAK = YES;
				CLANG_WARN_BLOCK_CAPTURE_AUTORELEASING = YES;
				CLANG_WARN_BOOL_CONVERSION = YES;
				CLANG_WARN_COMMA = YES;
				CLANG_WARN_CONSTANT_CONVERSION = YES;
				CLANG_WARN_DEPRECATED_OBJC_IMPLEMENTATIONS = YES;
				CLANG_WARN_DIRECT_OBJC_ISA_USAGE = YES_ERROR;
				CLANG_WARN_DOCUMENTATION_COMMENTS = YES;
				CLANG_WARN_EMPTY_BODY = YES;
				CLANG_WARN_ENUM_CONVERSION = YES;
				CLANG_WARN_INFINITE_RECURSION = YES;
				CLANG_WARN_INT_CONVERSION = YES;
				CLANG_WARN_NON_LITERAL_NULL_CONVERSION = YES;
				CLANG_WARN_OBJC_IMPLICIT_RETAIN_SELF = YES;
				CLANG_WARN_OBJC_LITERAL_CONVERSION = YES;
				CLANG_WARN_OBJC_ROOT_CLASS = YES_ERROR;
				CLANG_WARN_QUOTED_INCLUDE_IN_FRAMEWORK_HEADER = YES;
				CLANG_WARN_RANGE_LOOP_ANALYSIS = YES;
				CLANG_WARN_STRICT_PROTOTYPES = YES;
				CLANG_WARN_SUSPICIOUS_MOVE = YES;
				CLANG_WARN_UNGUARDED_AVAILABILITY = YES_AGGRESSIVE;
				CLANG_WARN_UNREACHABLE_CODE = YES;
				CLANG_WARN__DUPLICATE_METHOD_MATCH = YES;
				COPY_PHASE_STRIP = NO;
				DEBUG_INFORMATION_FORMAT = dwarf;
				ENABLE_STRICT_OBJC_MSGSEND = YES;
				ENABLE_TESTABILITY = YES;
				GCC_C_LANGUAGE_STANDARD = gnu11;
				GCC_DYNAMIC_NO_PIC = NO;
				GCC_NO_COMMON_BLOCKS = YES;
				GCC_OPTIMIZATION_LEVEL = 0;
				GCC_PREPROCESSOR_DEFINITIONS = (
					"DEBUG=1",
					"$(inherited)",
				);
				GCC_WARN_64_TO_32_BIT_CONVERSION = YES;
				GCC_WARN_ABOUT_RETURN_TYPE = YES_ERROR;
				GCC_WARN_UNDECLARED_SELECTOR = YES;
				GCC_WARN_UNINITIALIZED_AUTOS = YES_AGGRESSIVE;
				GCC_WARN_UNUSED_FUNCTION = YES;
				GCC_WARN_UNUSED_VARIABLE = YES;
				INFOPLIST_KEY_UIApplicationSceneManifest_Generation = YES;
				INFOPLIST_KEY_UILaunchScreen_Generation = YES;
				IPHONEOS_DEPLOYMENT_TARGET = 16.0;
				MTL_ENABLE_DEBUG_INFO = INCLUDE_SOURCE;
				MTL_FAST_MATH = YES;
				ONLY_ACTIVE_ARCH = YES;
				SDKROOT = iphoneos;
				SWIFT_ACTIVE_COMPILATION_CONDITIONS = DEBUG;
				SWIFT_OPTIMIZATION_LEVEL = "-Onone";
			};
			name = Debug;
		};
		D40FDFE12B2C9FA500702FA1 /* Release */ = {
			isa = XCBuildConfiguration;
			buildSettings = {
				ALWAYS_SEARCH_USER_PATHS = NO;
				CLANG_ANALYZER_NONNULL = YES;
				CLANG_ANALYZER_NUMBER_OBJECT_CONVERSION = YES_AGGRESSIVE;
				CLANG_CXX_LANGUAGE_STANDARD = "gnu++20";
				CLANG_ENABLE_MODULES = YES;
				CLANG_ENABLE_OBJC_ARC = YES;
				CLANG_ENABLE_OBJC_WEAK = YES;
				CLANG_WARN_BLOCK_CAPTURE_AUTORELEASING = YES;
				CLANG_WARN_BOOL_CONVERSION = YES;
				CLANG_WARN_COMMA = YES;
				CLANG_WARN_CONSTANT_CONVERSION = YES;
				CLANG_WARN_DEPRECATED_OBJC_IMPLEMENTATIONS = YES;
				CLANG_WARN_DIRECT_OBJC_ISA_USAGE = YES_ERROR;
				CLANG_WARN_DOCUMENTATION_COMMENTS = YES;
				CLANG_WARN_EMPTY_BODY = YES;
				CLANG_WARN_ENUM_CONVERSION = YES;
				CLANG_WARN_INFINITE_RECURSION = YES;
				CLANG_WARN_INT_CONVERSION = YES;
				CLANG_WARN_NON_LITERAL_NULL_CONVERSION = YES;
				CLANG_WARN_OBJC_IMPLICIT_RETAIN_SELF = YES;
				CLANG_WARN_OBJC_LITERAL_CONVERSION = YES;
				CLANG_WARN_OBJC_ROOT_CLASS = YES_ERROR;
				CLANG_WARN_QUOTED_INCLUDE_IN_FRAMEWORK_HEADER = YES;
				CLANG_WARN_RANGE_LOOP_ANALYSIS = YES;
				CLANG_WARN_STRICT_PROTOTYPES = YES;
				CLANG_WARN_SUSPICIOUS_MOVE = YES;
				CLANG_WARN_UNGUARDED_AVAILABILITY = YES_AGGRESSIVE;
				CLANG_WARN_UNREACHABLE_CODE = YES;
				CLANG_WARN__DUPLICATE_METHOD_MATCH = YES;
				COPY_PHASE_STRIP = NO;
				DEBUG_INFORMATION_FORMAT = "dwarf-with-dsym";
				ENABLE_NS_ASSERTIONS = NO;
				ENABLE_STRICT_OBJC_MSGSEND = YES;
				GCC_C_LANGUAGE_STANDARD = gnu11;
				GCC_NO_COMMON_BLOCKS = YES;
				GCC_WARN_64_TO_32_BIT_CONVERSION = YES;
				GCC_WARN_ABOUT_RETURN_TYPE = YES_ERROR;
				GCC_WARN_UNDECLARED_SELECTOR = YES;
				GCC_WARN_UNINITIALIZED_AUTOS = YES_AGGRESSIVE;
				GCC_WARN_UNUSED_FUNCTION = YES;
				GCC_WARN_UNUSED_VARIABLE = YES;
				INFOPLIST_KEY_UIApplicationSceneManifest_Generation = YES;
				INFOPLIST_KEY_UILaunchScreen_Generation = YES;
				IPHONEOS_DEPLOYMENT_TARGET = 16.0;
				MTL_ENABLE_DEBUG_INFO = NO;
				MTL_FAST_MATH = YES;
				SDKROOT = iphoneos;
				SWIFT_COMPILATION_MODE = wholemodule;
				SWIFT_OPTIMIZATION_LEVEL = "-O";
				VALIDATE_PRODUCT = YES;
			};
			name = Release;
		};
		D40FDFE32B2C9FA500702FA1 /* Debug */ = {
			isa = XCBuildConfiguration;
			buildSettings = {
				ASSETCATALOG_COMPILER_APPICON_NAME = AppIcon;
				ASSETCATALOG_COMPILER_GLOBAL_ACCENT_COLOR_NAME = AccentColor;
				CODE_SIGN_STYLE = Automatic;
				CURRENT_PROJECT_VERSION = 1;
				DEVELOPMENT_ASSET_PATHS = "";
				DEVELOPMENT_TEAM = GNWLM7F9M6;
				ENABLE_PREVIEWS = YES;
				GENERATE_INFOPLIST_FILE = YES;
				INFOPLIST_KEY_UIApplicationSupportsIndirectInputEvents = YES;
				INFOPLIST_KEY_UISupportedInterfaceOrientations = UIInterfaceOrientationPortrait;
				LD_RUNPATH_SEARCH_PATHS = (
					"$(inherited)",
					"@executable_path/Frameworks",
				);
				MARKETING_VERSION = 1.0;
				PRODUCT_BUNDLE_IDENTIFIER = timersha.Inc.com.SydneyLocations;
				PRODUCT_NAME = "$(TARGET_NAME)";
				SWIFT_EMIT_LOC_STRINGS = YES;
				SWIFT_VERSION = 5.0;
				TARGETED_DEVICE_FAMILY = "1,2";
			};
			name = Debug;
		};
		D40FDFE42B2C9FA500702FA1 /* Release */ = {
			isa = XCBuildConfiguration;
			buildSettings = {
				ASSETCATALOG_COMPILER_APPICON_NAME = AppIcon;
				ASSETCATALOG_COMPILER_GLOBAL_ACCENT_COLOR_NAME = AccentColor;
				CODE_SIGN_STYLE = Automatic;
				CURRENT_PROJECT_VERSION = 1;
				DEVELOPMENT_ASSET_PATHS = "";
				DEVELOPMENT_TEAM = GNWLM7F9M6;
				ENABLE_PREVIEWS = YES;
				GENERATE_INFOPLIST_FILE = YES;
				INFOPLIST_KEY_UIApplicationSupportsIndirectInputEvents = YES;
				INFOPLIST_KEY_UISupportedInterfaceOrientations = UIInterfaceOrientationPortrait;
				LD_RUNPATH_SEARCH_PATHS = (
					"$(inherited)",
					"@executable_path/Frameworks",
				);
				MARKETING_VERSION = 1.0;
				PRODUCT_BUNDLE_IDENTIFIER = timersha.Inc.com.SydneyLocations;
				PRODUCT_NAME = "$(TARGET_NAME)";
				SWIFT_EMIT_LOC_STRINGS = YES;
				SWIFT_VERSION = 5.0;
				TARGETED_DEVICE_FAMILY = "1,2";
			};
			name = Release;
		};
		D40FE09A2B31724900702FA1 /* Debug */ = {
			isa = XCBuildConfiguration;
			buildSettings = {
				BUNDLE_LOADER = "$(TEST_HOST)";
				CODE_SIGN_STYLE = Automatic;
				CURRENT_PROJECT_VERSION = 1;
				DEVELOPMENT_TEAM = GNWLM7F9M6;
				GENERATE_INFOPLIST_FILE = YES;
				IPHONEOS_DEPLOYMENT_TARGET = 16.4;
				MARKETING_VERSION = 1.0;
				PRODUCT_BUNDLE_IDENTIFIER = timersha.Inc.com.SydneyLocationsTests;
				PRODUCT_NAME = "$(TARGET_NAME)";
				SWIFT_EMIT_LOC_STRINGS = NO;
				SWIFT_VERSION = 5.0;
				TARGETED_DEVICE_FAMILY = "1,2";
				TEST_HOST = "$(BUILT_PRODUCTS_DIR)/SydneyLocations.app/$(BUNDLE_EXECUTABLE_FOLDER_PATH)/SydneyLocations";
			};
			name = Debug;
		};
		D40FE09B2B31724900702FA1 /* Release */ = {
			isa = XCBuildConfiguration;
			buildSettings = {
				BUNDLE_LOADER = "$(TEST_HOST)";
				CODE_SIGN_STYLE = Automatic;
				CURRENT_PROJECT_VERSION = 1;
				DEVELOPMENT_TEAM = GNWLM7F9M6;
				GENERATE_INFOPLIST_FILE = YES;
				IPHONEOS_DEPLOYMENT_TARGET = 16.4;
				MARKETING_VERSION = 1.0;
				PRODUCT_BUNDLE_IDENTIFIER = timersha.Inc.com.SydneyLocationsTests;
				PRODUCT_NAME = "$(TARGET_NAME)";
				SWIFT_EMIT_LOC_STRINGS = NO;
				SWIFT_VERSION = 5.0;
				TARGETED_DEVICE_FAMILY = "1,2";
				TEST_HOST = "$(BUILT_PRODUCTS_DIR)/SydneyLocations.app/$(BUNDLE_EXECUTABLE_FOLDER_PATH)/SydneyLocations";
			};
			name = Release;
		};
/* End XCBuildConfiguration section */

/* Begin XCConfigurationList section */
		D40FDFCF2B2C9FA400702FA1 /* Build configuration list for PBXProject "SydneyLocations" */ = {
			isa = XCConfigurationList;
			buildConfigurations = (
				D40FDFE02B2C9FA500702FA1 /* Debug */,
				D40FDFE12B2C9FA500702FA1 /* Release */,
			);
			defaultConfigurationIsVisible = 0;
			defaultConfigurationName = Release;
		};
		D40FDFE22B2C9FA500702FA1 /* Build configuration list for PBXNativeTarget "SydneyLocations" */ = {
			isa = XCConfigurationList;
			buildConfigurations = (
				D40FDFE32B2C9FA500702FA1 /* Debug */,
				D40FDFE42B2C9FA500702FA1 /* Release */,
			);
			defaultConfigurationIsVisible = 0;
			defaultConfigurationName = Release;
		};
		D40FE09C2B31724900702FA1 /* Build configuration list for PBXNativeTarget "SydneyLocationsTests" */ = {
			isa = XCConfigurationList;
			buildConfigurations = (
				D40FE09A2B31724900702FA1 /* Debug */,
				D40FE09B2B31724900702FA1 /* Release */,
			);
			defaultConfigurationIsVisible = 0;
			defaultConfigurationName = Release;
		};
/* End XCConfigurationList section */

/* Begin XCRemoteSwiftPackageReference section */
		D40FE0C52B31A66800702FA1 /* XCRemoteSwiftPackageReference "Alamofire" */ = {
			isa = XCRemoteSwiftPackageReference;
			repositoryURL = "https://github.com/Alamofire/Alamofire.git";
			requirement = {
				kind = upToNextMajorVersion;
				minimumVersion = 5.8.1;
			};
		};
/* End XCRemoteSwiftPackageReference section */

/* Begin XCSwiftPackageProductDependency section */
		D40FE0C62B31A66800702FA1 /* Alamofire */ = {
			isa = XCSwiftPackageProductDependency;
			package = D40FE0C52B31A66800702FA1 /* XCRemoteSwiftPackageReference "Alamofire" */;
			productName = Alamofire;
		};
/* End XCSwiftPackageProductDependency section */

/* Begin XCVersionGroup section */
		D40FE0892B30866700702FA1 /* sydney_locations.xcdatamodeld */ = {
			isa = XCVersionGroup;
			children = (
				D40FE08A2B30866700702FA1 /* sydney_locations.xcdatamodel */,
			);
			currentVersion = D40FE08A2B30866700702FA1 /* sydney_locations.xcdatamodel */;
			path = sydney_locations.xcdatamodeld;
			sourceTree = "<group>";
			versionGroupType = wrapper.xcdatamodel;
		};
/* End XCVersionGroup section */
	};
	rootObject = D40FDFCC2B2C9FA400702FA1 /* Project object */;
}
